
Microsoft Visual Studio Solution File, Format Version 12.00
# Visual Studio Version 17
VisualStudioVersion = 17.5.002.0
MinimumVisualStudioVersion = 10.0.40219.1
Project("{9A19103F-16F7-4668-BE54-9A1E7A4F7556}") = "DesafioPOO", "DesafioPOO.csproj", "{787DDC63-443C-4B65-959E-C403D4892308}"
EndProject
Global
	GlobalSection(SolutionConfigurationPlatforms) = preSolution
		Debug|Any CPU = Debug|Any CPU
		Release|Any CPU = Release|Any CPU
	EndGlobalSection
	GlobalSection(ProjectConfigurationPlatforms) = postSolution
		{787DDC63-443C-4B65-959E-C403D4892308}.Debug|Any CPU.ActiveCfg = Debug|Any CPU
		{787DDC63-443C-4B65-959E-C403D4892308}.Debug|Any CPU.Build.0 = Debug|Any CPU
		{787DDC63-443C-4B65-959E-C403D4892308}.Release|Any CPU.ActiveCfg = Release|Any CPU
		{787DDC63-443C-4B65-959E-C403D4892308}.Release|Any CPU.Build.0 = Release|Any CPU
	EndGlobalSection
	GlobalSection(SolutionProperties) = preSolution
		HideSolutionNode = FALSE
	EndGlobalSection
	GlobalSection(ExtensibilityGlobals) = postSolution
		SolutionGuid = {1CE9374D-2247-42A1-BC77-20737F01D1DF}
	EndGlobalSection
EndGlobal
